
Microsoft Visual Studio Solution File, Format Version 12.00
# Visual Studio Version 16
VisualStudioVersion = 25.0.1706.8
MinimumVisualStudioVersion = 10.0.40219.1
Project("{FAE04EC0-301F-11D3-BF4B-00C04F79EFBC}") = "MavericksBank", "MavericksBank\MavericksBank.csproj", "{168FCEF8-F9FB-4942-8727-C6EB5E423694}"
EndProject
Project("{FAE04EC0-301F-11D3-BF4B-00C04F79EFBC}") = "MavericksBankTest", "Test\MavericksBankTest.csproj", "{21DAFD4F-CED4-43C8-A271-FE61C5DC3787}"
EndProject
Global
	GlobalSection(SolutionConfigurationPlatforms) = preSolution
		Debug|Any CPU = Debug|Any CPU
		Release|Any CPU = Release|Any CPU
	EndGlobalSection
	GlobalSection(ProjectConfigurationPlatforms) = postSolution
		{168FCEF8-F9FB-4942-8727-C6EB5E423694}.Debug|Any CPU.ActiveCfg = Debug|Any CPU
		{168FCEF8-F9FB-4942-8727-C6EB5E423694}.Debug|Any CPU.Build.0 = Debug|Any CPU
		{168FCEF8-F9FB-4942-8727-C6EB5E423694}.Release|Any CPU.ActiveCfg = Release|Any CPU
		{168FCEF8-F9FB-4942-8727-C6EB5E423694}.Release|Any CPU.Build.0 = Release|Any CPU
		{21DAFD4F-CED4-43C8-A271-FE61C5DC3787}.Debug|Any CPU.ActiveCfg = Debug|Any CPU
		{21DAFD4F-CED4-43C8-A271-FE61C5DC3787}.Debug|Any CPU.Build.0 = Debug|Any CPU
		{21DAFD4F-CED4-43C8-A271-FE61C5DC3787}.Release|Any CPU.ActiveCfg = Release|Any CPU
		{21DAFD4F-CED4-43C8-A271-FE61C5DC3787}.Release|Any CPU.Build.0 = Release|Any CPU
	EndGlobalSection
	GlobalSection(SolutionProperties) = preSolution
		HideSolutionNode = FALSE
	EndGlobalSection
	GlobalSection(ExtensibilityGlobals) = postSolution
		SolutionGuid = {C8933E26-F85A-4AF0-BDB4-DF19C9BAC658}
	EndGlobalSection
EndGlobal
